
Microsoft Visual Studio Solution File, Format Version 12.00
# Visual Studio 15
VisualStudioVersion = 15.0.26730.10
MinimumVisualStudioVersion = 10.0.40219.1
Project("{6EC3EE1D-3C4E-46DD-8F32-0CC8E7565705}") = "server", "src\Server\server.fsproj", "{30E47460-D292-4C79-8CA6-E88BF777CE2C}"
EndProject
Project("{2150E333-8FDC-42A3-9474-1A3956D46DE8}") = "Solution Items", "Solution Items", "{4A530AA9-27D3-49EE-BA40-3ED057BB59FA}"
	ProjectSection(SolutionItems) = preProject
		script.fsx = script.fsx
	EndProjectSection
EndProject
Global
	GlobalSection(SolutionConfigurationPlatforms) = preSolution
		Debug|Any CPU = Debug|Any CPU
		Release|Any CPU = Release|Any CPU
	EndGlobalSection
	GlobalSection(ProjectConfigurationPlatforms) = postSolution
		{A4E94C96-F0E4-429E-BE2C-DB7A78FB8A29}.Debug|Any CPU.ActiveCfg = Debug|Any CPU
		{A4E94C96-F0E4-429E-BE2C-DB7A78FB8A29}.Debug|Any CPU.Build.0 = Debug|Any CPU
		{A4E94C96-F0E4-429E-BE2C-DB7A78FB8A29}.Release|Any CPU.ActiveCfg = Release|Any CPU
		{A4E94C96-F0E4-429E-BE2C-DB7A78FB8A29}.Release|Any CPU.Build.0 = Release|Any CPU
		{30E47460-D292-4C79-8CA6-E88BF777CE2C}.Debug|Any CPU.ActiveCfg = Debug|Any CPU
		{30E47460-D292-4C79-8CA6-E88BF777CE2C}.Debug|Any CPU.Build.0 = Debug|Any CPU
		{30E47460-D292-4C79-8CA6-E88BF777CE2C}.Release|Any CPU.ActiveCfg = Release|Any CPU
		{30E47460-D292-4C79-8CA6-E88BF777CE2C}.Release|Any CPU.Build.0 = Release|Any CPU
	EndGlobalSection
	GlobalSection(SolutionProperties) = preSolution
		HideSolutionNode = FALSE
	EndGlobalSection
EndGlobal
